
Microsoft Visual Studio Solution File, Format Version 12.00
# Visual Studio Version 17
VisualStudioVersion = 17.4.33110.190
MinimumVisualStudioVersion = 10.0.40219.1
Project("{FAE04EC0-301F-11D3-BF4B-00C04F79EFBC}") = "EmployeeManagement.API", "EmployeeManagement.API\EmployeeManagement.API.csproj", "{67BDD052-80EB-4457-BE7F-EDDE88EE654F}"
EndProject
Project("{FAE04EC0-301F-11D3-BF4B-00C04F79EFBC}") = "EmployeeManagement.Domain", "EmployeeManagement.Domain\EmployeeManagement.Domain.csproj", "{04190D49-F443-40B5-B0E7-C80F1A6532C1}"
EndProject
Project("{FAE04EC0-301F-11D3-BF4B-00C04F79EFBC}") = "EmployeeManagement.Infrastructure", "EmployeeManagement.Infrastructure\EmployeeManagement.Infrastructure.csproj", "{E55CEED0-3BBD-45FB-AE94-654B1C098C06}"
EndProject
Project("{2150E333-8FDC-42A3-9474-1A3956D46DE8}") = "Solution Items", "Solution Items", "{11209F7E-CB42-47F0-8CF1-C9ACD980C3E9}"
	ProjectSection(SolutionItems) = preProject
		.editorconfig = .editorconfig
	EndProjectSection
EndProject
Global
	GlobalSection(SolutionConfigurationPlatforms) = preSolution
		Debug|Any CPU = Debug|Any CPU
		Release|Any CPU = Release|Any CPU
	EndGlobalSection
	GlobalSection(ProjectConfigurationPlatforms) = postSolution
		{67BDD052-80EB-4457-BE7F-EDDE88EE654F}.Debug|Any CPU.ActiveCfg = Debug|Any CPU
		{67BDD052-80EB-4457-BE7F-EDDE88EE654F}.Debug|Any CPU.Build.0 = Debug|Any CPU
		{67BDD052-80EB-4457-BE7F-EDDE88EE654F}.Release|Any CPU.ActiveCfg = Release|Any CPU
		{67BDD052-80EB-4457-BE7F-EDDE88EE654F}.Release|Any CPU.Build.0 = Release|Any CPU
		{04190D49-F443-40B5-B0E7-C80F1A6532C1}.Debug|Any CPU.ActiveCfg = Debug|Any CPU
		{04190D49-F443-40B5-B0E7-C80F1A6532C1}.Debug|Any CPU.Build.0 = Debug|Any CPU
		{04190D49-F443-40B5-B0E7-C80F1A6532C1}.Release|Any CPU.ActiveCfg = Release|Any CPU
		{04190D49-F443-40B5-B0E7-C80F1A6532C1}.Release|Any CPU.Build.0 = Release|Any CPU
		{E55CEED0-3BBD-45FB-AE94-654B1C098C06}.Debug|Any CPU.ActiveCfg = Debug|Any CPU
		{E55CEED0-3BBD-45FB-AE94-654B1C098C06}.Debug|Any CPU.Build.0 = Debug|Any CPU
		{E55CEED0-3BBD-45FB-AE94-654B1C098C06}.Release|Any CPU.ActiveCfg = Release|Any CPU
		{E55CEED0-3BBD-45FB-AE94-654B1C098C06}.Release|Any CPU.Build.0 = Release|Any CPU
	EndGlobalSection
	GlobalSection(SolutionProperties) = preSolution
		HideSolutionNode = FALSE
	EndGlobalSection
	GlobalSection(ExtensibilityGlobals) = postSolution
		SolutionGuid = {DA352113-0B94-4290-A88B-82C53A71A817}
	EndGlobalSection
EndGlobal
